
Microsoft Visual Studio Solution File, Format Version 12.00
# Visual Studio 15
VisualStudioVersion = 15.0.28307.757
MinimumVisualStudioVersion = 10.0.40219.1
Project("{FAE04EC0-301F-11D3-BF4B-00C04F79EFBC}") = "HotelReservation.V1.Web", "HotelReservation.V1.Web\HotelReservation.V1.Web.csproj", "{74B41217-AC91-4623-A495-0A8E75151C01}"
EndProject
Global
	GlobalSection(SolutionConfigurationPlatforms) = preSolution
		Debug|Any CPU = Debug|Any CPU
		Release|Any CPU = Release|Any CPU
	EndGlobalSection
	GlobalSection(ProjectConfigurationPlatforms) = postSolution
		{74B41217-AC91-4623-A495-0A8E75151C01}.Debug|Any CPU.ActiveCfg = Debug|Any CPU
		{74B41217-AC91-4623-A495-0A8E75151C01}.Debug|Any CPU.Build.0 = Debug|Any CPU
		{74B41217-AC91-4623-A495-0A8E75151C01}.Release|Any CPU.ActiveCfg = Release|Any CPU
		{74B41217-AC91-4623-A495-0A8E75151C01}.Release|Any CPU.Build.0 = Release|Any CPU
	EndGlobalSection
	GlobalSection(SolutionProperties) = preSolution
		HideSolutionNode = FALSE
	EndGlobalSection
	GlobalSection(ExtensibilityGlobals) = postSolution
		SolutionGuid = {390B8AA0-1660-4BD5-A127-7F5CC5D3D26C}
	EndGlobalSection
EndGlobal
